PODS:
  - MQTTClient/Manager (0.8.7):
    - MQTTClient/Min
  - MQTTClient/Min (0.8.7)
  - MQTTClient/Websocket (0.8.7):
    - MQTTClient/Min
    - SocketRocket
  - SocketRocket (0.5.1)

DEPENDENCIES:
  - MQTTClient/Manager
  - MQTTClient/Min
  - MQTTClient/Websocket

SPEC CHECKSUMS:
  MQTTClient: 2842bdeab5a65eec75e0fcbbbd2a300946690fee
  SocketRocket: d57c7159b83c3c6655745cd15302aa24b6bae531

PODFILE CHECKSUM: 8c59e860039002aae3f436af7bf6c6bc2c3ccf09

COCOAPODS: 1.2.0
